
Microsoft Visual Studio Solution File, Format Version 12.00
# Visual Studio Version 16
VisualStudioVersion = 16.0.33927.289
MinimumVisualStudioVersion = 10.0.40219.1
Project("{FAE04EC0-301F-11D3-BF4B-00C04F79EFBC}") = "SeanCopilot", "SeanCopilot\SeanCopilot.csproj", "{0069AE46-BF1C-4BC7-A699-8123C0137FF0}"
EndProject
Project("{2150E333-8FDC-42A3-9474-1A3956D46DE8}") = "Solution Items", "Solution Items", "{7F03DFD9-2B39-4281-A5DC-E8A038A158FC}"
	ProjectSection(SolutionItems) = preProject
		ideas.txt = ideas.txt
		openai.png = openai.png
		openai_settings.png = openai_settings.png
	EndProjectSection
EndProject
Global
	GlobalSection(SolutionConfigurationPlatforms) = preSolution
		Debug|x64 = Debug|x64
		Debug|x86 = Debug|x86
		Release|x64 = Release|x64
		Release|x86 = Release|x86
	EndGlobalSection
	GlobalSection(ProjectConfigurationPlatforms) = postSolution
		{0069AE46-BF1C-4BC7-A699-8123C0137FF0}.Debug|x64.ActiveCfg = Debug|x64
		{0069AE46-BF1C-4BC7-A699-8123C0137FF0}.Debug|x64.Build.0 = Debug|x64
		{0069AE46-BF1C-4BC7-A699-8123C0137FF0}.Debug|x86.ActiveCfg = Debug|x86
		{0069AE46-BF1C-4BC7-A699-8123C0137FF0}.Debug|x86.Build.0 = Debug|x86
		{0069AE46-BF1C-4BC7-A699-8123C0137FF0}.Release|x64.ActiveCfg = Release|x64
		{0069AE46-BF1C-4BC7-A699-8123C0137FF0}.Release|x64.Build.0 = Release|x64
		{0069AE46-BF1C-4BC7-A699-8123C0137FF0}.Release|x86.ActiveCfg = Release|x86
		{0069AE46-BF1C-4BC7-A699-8123C0137FF0}.Release|x86.Build.0 = Release|x86
	EndGlobalSection
	GlobalSection(SolutionProperties) = preSolution
		HideSolutionNode = FALSE
	EndGlobalSection
	GlobalSection(ExtensibilityGlobals) = postSolution
		SolutionGuid = {3E1CDB5C-8AA8-4576-89F5-D9C007489D07}
	EndGlobalSection
EndGlobal
